
Microsoft Visual Studio Solution File, Format Version 12.00
# Visual Studio Version 16
VisualStudioVersion = 16.0.29318.209
MinimumVisualStudioVersion = 10.0.40219.1
Project("{FAE04EC0-301F-11D3-BF4B-00C04F79EFBC}") = "OverloadedTriples", "OverloadedTriples\OverloadedTriples.csproj", "{3839E9BE-318F-4C04-AC21-D2806BA89602}"
EndProject
Global
	GlobalSection(SolutionConfigurationPlatforms) = preSolution
		Debug|Any CPU = Debug|Any CPU
		Release|Any CPU = Release|Any CPU
	EndGlobalSection
	GlobalSection(ProjectConfigurationPlatforms) = postSolution
		{3839E9BE-318F-4C04-AC21-D2806BA89602}.Debug|Any CPU.ActiveCfg = Debug|Any CPU
		{3839E9BE-318F-4C04-AC21-D2806BA89602}.Debug|Any CPU.Build.0 = Debug|Any CPU
		{3839E9BE-318F-4C04-AC21-D2806BA89602}.Release|Any CPU.ActiveCfg = Release|Any CPU
		{3839E9BE-318F-4C04-AC21-D2806BA89602}.Release|Any CPU.Build.0 = Release|Any CPU
	EndGlobalSection
	GlobalSection(SolutionProperties) = preSolution
		HideSolutionNode = FALSE
	EndGlobalSection
	GlobalSection(ExtensibilityGlobals) = postSolution
		SolutionGuid = {C1899FAA-2B98-458B-A8FC-03CA18681A25}
	EndGlobalSection
EndGlobal
